// !$*UTF8*$!
{
	archiveVersion = 1;
	classes = {
	};
	objectVersion = 46;
	objects = {

/* Begin PBXBuildFile section */
		2C25C8DD1F0EB0EF000B7988 /* Icon in Resources */ = {isa = PBXBuildFile; fileRef = 2C25C8DC1F0EB0EF000B7988 /* Icon */; };
		2C3F79261F013D210030ED3A /* AppDelegate.swift in Sources */ = {isa = PBXBuildFile; fileRef = 2C3F79251F013D210030ED3A /* AppDelegate.swift */; };
		2C3F792A1F013D210030ED3A /* SecondViewController.swift in Sources */ = {isa = PBXBuildFile; fileRef = 2C3F79291F013D210030ED3A /* SecondViewController.swift */; };
		2C3F792D1F013D210030ED3A /* Main.storyboard in Resources */ = {isa = PBXBuildFile; fileRef = 2C3F792B1F013D210030ED3A /* Main.storyboard */; };
		2C3F792F1F013D210030ED3A /* Assets.xcassets in Resources */ = {isa = PBXBuildFile; fileRef = 2C3F792E1F013D210030ED3A /* Assets.xcassets */; };
		2C3F79321F013D210030ED3A /* LaunchScreen.storyboard in Resources */ = {isa = PBXBuildFile; fileRef = 2C3F79301F013D210030ED3A /* LaunchScreen.storyboard */; };
		2C3F793D1F013D210030ED3A /* TouhouEncyclopediaTests.swift in Sources */ = {isa = PBXBuildFile; fileRef = 2C3F793C1F013D210030ED3A /* TouhouEncyclopediaTests.swift */; };
		2C3F79481F013D210030ED3A /* TouhouEncyclopediaUITests.swift in Sources */ = {isa = PBXBuildFile; fileRef = 2C3F79471F013D210030ED3A /* TouhouEncyclopediaUITests.swift */; };
		2C916FE01F10E46B00C81C01 /* TextViewController.swift in Sources */ = {isa = PBXBuildFile; fileRef = 2C916FDF1F10E46B00C81C01 /* TextViewController.swift */; };
		2C916FE81F10E55800C81C01 /* MainPageViewController.swift in Sources */ = {isa = PBXBuildFile; fileRef = 2C916FE71F10E55800C81C01 /* MainPageViewController.swift */; };
		2C916FEA1F10E60A00C81C01 /* images in Resources */ = {isa = PBXBuildFile; fileRef = 2C916FE91F10E60A00C81C01 /* images */; };
		2C916FED1F11056000C81C01 /* textData in Resources */ = {isa = PBXBuildFile; fileRef = 2C916FEC1F11056000C81C01 /* textData */; };
		2C916FF61F11528300C81C01 /* ListTableViewController.swift in Sources */ = {isa = PBXBuildFile; fileRef = 2C916FF51F11528300C81C01 /* ListTableViewController.swift */; };
		2C93968D1F01442B00F82CD4 /* PlistFileManager.swift in Sources */ = {isa = PBXBuildFile; fileRef = 2C93968C1F01442B00F82CD4 /* PlistFileManager.swift */; };
		2C93968F1F029B0200F82CD4 /* SqlFileManager.swift in Sources */ = {isa = PBXBuildFile; fileRef = 2C93968E1F029B0200F82CD4 /* SqlFileManager.swift */; };
		2C9396911F02A81200F82CD4 /* SqlFile in Resources */ = {isa = PBXBuildFile; fileRef = 2C9396901F02A81200F82CD4 /* SqlFile */; };
		2C9396CA1F05A7EE00F82CD4 /* SQLite.framework in Frameworks */ = {isa = PBXBuildFile; fileRef = 2C9396BC1F05A76400F82CD4 /* SQLite.framework */; };
		2C9396CC1F05A82100F82CD4 /* SQLite.framework in Embed Frameworks */ = {isa = PBXBuildFile; fileRef = 2C9396BC1F05A76400F82CD4 /* SQLite.framework */; settings = {ATTRIBUTES = (CodeSignOnCopy, RemoveHeadersOnCopy, ); }; };
/* End PBXBuildFile section */

/* Begin PBXContainerItemProxy section */
		2C3F79391F013D210030ED3A /* PBXContainerItemProxy */ = {
			isa = PBXContainerItemProxy;
			containerPortal = 2C3F791A1F013D210030ED3A /* Project object */;
			proxyType = 1;
			remoteGlobalIDString = 2C3F79211F013D210030ED3A;
			remoteInfo = TouhouEncyclopedia;
		};
		2C3F79441F013D210030ED3A /* PBXContainerItemProxy */ = {
			isa = PBXContainerItemProxy;
			containerPortal = 2C3F791A1F013D210030ED3A /* Project object */;
			proxyType = 1;
			remoteGlobalIDString = 2C3F79211F013D210030ED3A;
			remoteInfo = TouhouEncyclopedia;
		};
		2C9396BB1F05A76400F82CD4 /* PBXContainerItemProxy */ = {
			isa = PBXContainerItemProxy;
			containerPortal = 2C9396B11F05A76400F82CD4 /* SQLite.xcodeproj */;
			proxyType = 2;
			remoteGlobalIDString = EE247AD31C3F04ED00AE3E12;
			remoteInfo = "SQLite iOS";
		};
		2C9396BD1F05A76400F82CD4 /* PBXContainerItemProxy */ = {
			isa = PBXContainerItemProxy;
			containerPortal = 2C9396B11F05A76400F82CD4 /* SQLite.xcodeproj */;
			proxyType = 2;
			remoteGlobalIDString = EE247ADD1C3F04ED00AE3E12;
			remoteInfo = "SQLiteTests iOS";
		};
		2C9396BF1F05A76400F82CD4 /* PBXContainerItemProxy */ = {
			isa = PBXContainerItemProxy;
			containerPortal = 2C9396B11F05A76400F82CD4 /* SQLite.xcodeproj */;
			proxyType = 2;
			remoteGlobalIDString = EE247B3C1C3F3ED000AE3E12;
			remoteInfo = "SQLite Mac";
		};
		2C9396C11F05A76400F82CD4 /* PBXContainerItemProxy */ = {
			isa = PBXContainerItemProxy;
			containerPortal = 2C9396B11F05A76400F82CD4 /* SQLite.xcodeproj */;
			proxyType = 2;
			remoteGlobalIDString = EE247B451C3F3ED000AE3E12;
			remoteInfo = "SQLiteTests Mac";
		};
		2C9396C31F05A76400F82CD4 /* PBXContainerItemProxy */ = {
			isa = PBXContainerItemProxy;
			containerPortal = 2C9396B11F05A76400F82CD4 /* SQLite.xcodeproj */;
			proxyType = 2;
			remoteGlobalIDString = 03A65E5A1C6BB0F50062603F;
			remoteInfo = "SQLite tvOS";
		};
		2C9396C51F05A76400F82CD4 /* PBXContainerItemProxy */ = {
			isa = PBXContainerItemProxy;
			containerPortal = 2C9396B11F05A76400F82CD4 /* SQLite.xcodeproj */;
			proxyType = 2;
			remoteGlobalIDString = 03A65E631C6BB0F60062603F;
			remoteInfo = "SQLiteTests tvOS";
		};
		2C9396C71F05A76400F82CD4 /* PBXContainerItemProxy */ = {
			isa = PBXContainerItemProxy;
			containerPortal = 2C9396B11F05A76400F82CD4 /* SQLite.xcodeproj */;
			proxyType = 2;
			remoteGlobalIDString = A121AC451CA35C79005A31D1;
			remoteInfo = "SQLite watchOS";
		};
		2C9396CD1F05A82100F82CD4 /* PBXContainerItemProxy */ = {
			isa = PBXContainerItemProxy;
			containerPortal = 2C9396B11F05A76400F82CD4 /* SQLite.xcodeproj */;
			proxyType = 1;
			remoteGlobalIDString = EE247AD21C3F04ED00AE3E12;
			remoteInfo = "SQLite iOS";
		};
/* End PBXContainerItemProxy section */

/* Begin PBXCopyFilesBuildPhase section */
		2C9396CF1F05A82100F82CD4 /* Embed Frameworks */ = {
			isa = PBXCopyFilesBuildPhase;
			buildActionMask = 2147483647;
			dstPath = "";
			dstSubfolderSpec = 10;
			files = (
				2C9396CC1F05A82100F82CD4 /* SQLite.framework in Embed Frameworks */,
			);
			name = "Embed Frameworks";
			runOnlyForDeploymentPostprocessing = 0;
		};
/* End PBXCopyFilesBuildPhase section */

/* Begin PBXFileReference section */
		2C25C8DC1F0EB0EF000B7988 /* Icon */ = {isa = PBXFileReference; lastKnownFileType = folder; path = Icon; sourceTree = "<group>"; };
		2C3F79221F013D210030ED3A /* TouhouEncyclopedia.app */ = {isa = PBXFileReference; explicitFileType = wrapper.application; includeInIndex = 0; path = TouhouEncyclopedia.app; sourceTree = BUILT_PRODUCTS_DIR; };
		2C3F79251F013D210030ED3A /* AppDelegate.swift */ = {isa = PBXFileReference; lastKnownFileType = sourcecode.swift; path = AppDelegate.swift; sourceTree = "<group>"; };
		2C3F79291F013D210030ED3A /* SecondViewController.swift */ = {isa = PBXFileReference; lastKnownFileType = sourcecode.swift; path = SecondViewController.swift; sourceTree = "<group>"; };
		2C3F792C1F013D210030ED3A /* Base */ = {isa = PBXFileReference; lastKnownFileType = file.storyboard; name = Base; path = Base.lproj/Main.storyboard; sourceTree = "<group>"; };
		2C3F792E1F013D210030ED3A /* Assets.xcassets */ = {isa = PBXFileReference; lastKnownFileType = folder.assetcatalog; path = Assets.xcassets; sourceTree = "<group>"; };
		2C3F79311F013D210030ED3A /* Base */ = {isa = PBXFileReference; lastKnownFileType = file.storyboard; name = Base; path = Base.lproj/LaunchScreen.storyboard; sourceTree = "<group>"; };
		2C3F79331F013D210030ED3A /* Info.plist */ = {isa = PBXFileReference; lastKnownFileType = text.plist.xml; name = Info.plist; path = TouhouEncyclopedia/Info.plist; sourceTree = "<group>"; };
		2C3F79381F013D210030ED3A /* TouhouEncyclopediaTests.xctest */ = {isa = PBXFileReference; explicitFileType = wrapper.cfbundle; includeInIndex = 0; path = TouhouEncyclopediaTests.xctest; sourceTree = BUILT_PRODUCTS_DIR; };
		2C3F793C1F013D210030ED3A /* TouhouEncyclopediaTests.swift */ = {isa = PBXFileReference; lastKnownFileType = sourcecode.swift; path = TouhouEncyclopediaTests.swift; sourceTree = "<group>"; };
		2C3F793E1F013D210030ED3A /* Info.plist */ = {isa = PBXFileReference; lastKnownFileType = text.plist.xml; path = Info.plist; sourceTree = "<group>"; };
		2C3F79431F013D210030ED3A /* TouhouEncyclopediaUITests.xctest */ = {isa = PBXFileReference; explicitFileType = wrapper.cfbundle; includeInIndex = 0; path = TouhouEncyclopediaUITests.xctest; sourceTree = BUILT_PRODUCTS_DIR; };
		2C3F79471F013D210030ED3A /* TouhouEncyclopediaUITests.swift */ = {isa = PBXFileReference; lastKnownFileType = sourcecode.swift; path = TouhouEncyclopediaUITests.swift; sourceTree = "<group>"; };
		2C3F79491F013D210030ED3A /* Info.plist */ = {isa = PBXFileReference; lastKnownFileType = text.plist.xml; path = Info.plist; sourceTree = "<group>"; };
		2C916FDF1F10E46B00C81C01 /* TextViewController.swift */ = {isa = PBXFileReference; fileEncoding = 4; lastKnownFileType = sourcecode.swift; path = TextViewController.swift; sourceTree = "<group>"; };
		2C916FE71F10E55800C81C01 /* MainPageViewController.swift */ = {isa = PBXFileReference; fileEncoding = 4; lastKnownFileType = sourcecode.swift; path = MainPageViewController.swift; sourceTree = "<group>"; };
		2C916FE91F10E60A00C81C01 /* images */ = {isa = PBXFileReference; lastKnownFileType = folder; path = images; sourceTree = "<group>"; };
		2C916FEC1F11056000C81C01 /* textData */ = {isa = PBXFileReference; lastKnownFileType = folder; path = textData; sourceTree = "<group>"; };
		2C916FF51F11528300C81C01 /* ListTableViewController.swift */ = {isa = PBXFileReference; fileEncoding = 4; lastKnownFileType = sourcecode.swift; path = ListTableViewController.swift; sourceTree = "<group>"; };
		2C93968C1F01442B00F82CD4 /* PlistFileManager.swift */ = {isa = PBXFileReference; fileEncoding = 4; lastKnownFileType = sourcecode.swift; path = PlistFileManager.swift; sourceTree = "<group>"; };
		2C93968E1F029B0200F82CD4 /* SqlFileManager.swift */ = {isa = PBXFileReference; fileEncoding = 4; lastKnownFileType = sourcecode.swift; path = SqlFileManager.swift; sourceTree = "<group>"; };
		2C9396901F02A81200F82CD4 /* SqlFile */ = {isa = PBXFileReference; lastKnownFileType = folder; path = SqlFile; sourceTree = "<group>"; };
		2C9396931F05A57E00F82CD4 /* SQLite.framework */ = {isa = PBXFileReference; lastKnownFileType = wrapper.framework; name = SQLite.framework; path = Carthage/Build/iOS/SQLite.framework; sourceTree = "<group>"; };
		2C9396B11F05A76400F82CD4 /* SQLite.xcodeproj */ = {isa = PBXFileReference; lastKnownFileType = "wrapper.pb-project"; name = SQLite.xcodeproj; path = Carthage/Checkouts/SQLite.swift/SQLite.xcodeproj; sourceTree = "<group>"; };
/* End PBXFileReference section */

/* Begin PBXFrameworksBuildPhase section */
		2C3F791F1F013D210030ED3A /* Frameworks */ = {
			isa = PBXFrameworksBuildPhase;
			buildActionMask = 2147483647;
			files = (
				2C9396CA1F05A7EE00F82CD4 /* SQLite.framework in Frameworks */,
			);
			runOnlyForDeploymentPostprocessing = 0;
		};
		2C3F79351F013D210030ED3A /* Frameworks */ = {
			isa = PBXFrameworksBuildPhase;
			buildActionMask = 2147483647;
			files = (
			);
			runOnlyForDeploymentPostprocessing = 0;
		};
		2C3F79401F013D210030ED3A /* Frameworks */ = {
			isa = PBXFrameworksBuildPhase;
			buildActionMask = 2147483647;
			files = (
			);
			runOnlyForDeploymentPostprocessing = 0;
		};
/* End PBXFrameworksBuildPhase section */

/* Begin PBXGroup section */
		2C3F79191F013D210030ED3A = {
			isa = PBXGroup;
			children = (
				2C3F79241F013D210030ED3A /* TouhouEncyclopedia */,
				2C3F79331F013D210030ED3A /* Info.plist */,
				2C3F793B1F013D210030ED3A /* TouhouEncyclopediaTests */,
				2C3F79461F013D210030ED3A /* TouhouEncyclopediaUITests */,
				2C3F79231F013D210030ED3A /* Products */,
				2C9396921F05A57D00F82CD4 /* Frameworks */,
				2C9396B11F05A76400F82CD4 /* SQLite.xcodeproj */,
			);
			sourceTree = "<group>";
		};
		2C3F79231F013D210030ED3A /* Products */ = {
			isa = PBXGroup;
			children = (
				2C3F79221F013D210030ED3A /* TouhouEncyclopedia.app */,
				2C3F79381F013D210030ED3A /* TouhouEncyclopediaTests.xctest */,
				2C3F79431F013D210030ED3A /* TouhouEncyclopediaUITests.xctest */,
			);
			name = Products;
			sourceTree = "<group>";
		};
		2C3F79241F013D210030ED3A /* TouhouEncyclopedia */ = {
			isa = PBXGroup;
			children = (
				2C3F79251F013D210030ED3A /* AppDelegate.swift */,
				2C93968C1F01442B00F82CD4 /* PlistFileManager.swift */,
				2C93968E1F029B0200F82CD4 /* SqlFileManager.swift */,
				2C916FE71F10E55800C81C01 /* MainPageViewController.swift */,
				2C916FF51F11528300C81C01 /* ListTableViewController.swift */,
				2C916FDF1F10E46B00C81C01 /* TextViewController.swift */,
				2C3F79291F013D210030ED3A /* SecondViewController.swift */,
				2C3F792B1F013D210030ED3A /* Main.storyboard */,
				2C3F792E1F013D210030ED3A /* Assets.xcassets */,
				2C3F79301F013D210030ED3A /* LaunchScreen.storyboard */,
				2C916FEC1F11056000C81C01 /* textData */,
				2C916FE91F10E60A00C81C01 /* images */,
				2C9396901F02A81200F82CD4 /* SqlFile */,
				2C25C8DC1F0EB0EF000B7988 /* Icon */,
			);
			path = TouhouEncyclopedia;
			sourceTree = "<group>";
		};
		2C3F793B1F013D210030ED3A /* TouhouEncyclopediaTests */ = {
			isa = PBXGroup;
			children = (
				2C3F793C1F013D210030ED3A /* TouhouEncyclopediaTests.swift */,
				2C3F793E1F013D210030ED3A /* Info.plist */,
			);
			path = TouhouEncyclopediaTests;
			sourceTree = "<group>";
		};
		2C3F79461F013D210030ED3A /* TouhouEncyclopediaUITests */ = {
			isa = PBXGroup;
			children = (
				2C3F79471F013D210030ED3A /* TouhouEncyclopediaUITests.swift */,
				2C3F79491F013D210030ED3A /* Info.plist */,
			);
			path = TouhouEncyclopediaUITests;
			sourceTree = "<group>";
		};
		2C9396921F05A57D00F82CD4 /* Frameworks */ = {
			isa = PBXGroup;
			children = (
				2C9396931F05A57E00F82CD4 /* SQLite.framework */,
			);
			name = Frameworks;
			sourceTree = "<group>";
		};
		2C9396B21F05A76400F82CD4 /* Products */ = {
			isa = PBXGroup;
			children = (
				2C9396BC1F05A76400F82CD4 /* SQLite.framework */,
				2C9396BE1F05A76400F82CD4 /* SQLiteTests iOS.xctest */,
				2C9396C01F05A76400F82CD4 /* SQLite.framework */,
				2C9396C21F05A76400F82CD4 /* SQLiteTests Mac.xctest */,
				2C9396C41F05A76400F82CD4 /* SQLite.framework */,
				2C9396C61F05A76400F82CD4 /* SQLiteTests tvOS.xctest */,
				2C9396C81F05A76400F82CD4 /* SQLite.framework */,
			);
			name = Products;
			sourceTree = "<group>";
		};
/* End PBXGroup section */

/* Begin PBXNativeTarget section */
		2C3F79211F013D210030ED3A /* TouhouEncyclopedia */ = {
			isa = PBXNativeTarget;
			buildConfigurationList = 2C3F794C1F013D210030ED3A /* Build configuration list for PBXNativeTarget "TouhouEncyclopedia" */;
			buildPhases = (
				2C3F791E1F013D210030ED3A /* Sources */,
				2C3F791F1F013D210030ED3A /* Frameworks */,
				2C3F79201F013D210030ED3A /* Resources */,
				2C9396CF1F05A82100F82CD4 /* Embed Frameworks */,
			);
			buildRules = (
			);
			dependencies = (
				2C9396CE1F05A82100F82CD4 /* PBXTargetDependency */,
			);
			name = TouhouEncyclopedia;
			productName = TouhouEncyclopedia;
			productReference = 2C3F79221F013D210030ED3A /* TouhouEncyclopedia.app */;
			productType = "com.apple.product-type.application";
		};
		2C3F79371F013D210030ED3A /* TouhouEncyclopediaTests */ = {
			isa = PBXNativeTarget;
			buildConfigurationList = 2C3F794F1F013D210030ED3A /* Build configuration list for PBXNativeTarget "TouhouEncyclopediaTests" */;
			buildPhases = (
				2C3F79341F013D210030ED3A /* Sources */,
				2C3F79351F013D210030ED3A /* Frameworks */,
				2C3F79361F013D210030ED3A /* Resources */,
			);
			buildRules = (
			);
			dependencies = (
				2C3F793A1F013D210030ED3A /* PBXTargetDependency */,
			);
			name = TouhouEncyclopediaTests;
			productName = TouhouEncyclopediaTests;
			productReference = 2C3F79381F013D210030ED3A /* TouhouEncyclopediaTests.xctest */;
			productType = "com.apple.product-type.bundle.unit-test";
		};
		2C3F79421F013D210030ED3A /* TouhouEncyclopediaUITests */ = {
			isa = PBXNativeTarget;
			buildConfigurationList = 2C3F79521F013D210030ED3A /* Build configuration list for PBXNativeTarget "TouhouEncyclopediaUITests" */;
			buildPhases = (
				2C3F793F1F013D210030ED3A /* Sources */,
				2C3F79401F013D210030ED3A /* Frameworks */,
				2C3F79411F013D210030ED3A /* Resources */,
			);
			buildRules = (
			);
			dependencies = (
				2C3F79451F013D210030ED3A /* PBXTargetDependency */,
			);
			name = TouhouEncyclopediaUITests;
			productName = TouhouEncyclopediaUITests;
			productReference = 2C3F79431F013D210030ED3A /* TouhouEncyclopediaUITests.xctest */;
			productType = "com.apple.product-type.bundle.ui-testing";
		};
/* End PBXNativeTarget section */

/* Begin PBXProject section */
		2C3F791A1F013D210030ED3A /* Project object */ = {
			isa = PBXProject;
			attributes = {
				LastSwiftUpdateCheck = 0830;
				LastUpgradeCheck = 0830;
				ORGANIZATIONNAME = RyoTaguchi;
				TargetAttributes = {
					2C3F79211F013D210030ED3A = {
						CreatedOnToolsVersion = 8.3.3;
						DevelopmentTeam = M9727FS5CP;
						ProvisioningStyle = Automatic;
					};
					2C3F79371F013D210030ED3A = {
						CreatedOnToolsVersion = 8.3.3;
						DevelopmentTeam = M9727FS5CP;
						ProvisioningStyle = Automatic;
						TestTargetID = 2C3F79211F013D210030ED3A;
					};
					2C3F79421F013D210030ED3A = {
						CreatedOnToolsVersion = 8.3.3;
						DevelopmentTeam = M9727FS5CP;
						ProvisioningStyle = Automatic;
						TestTargetID = 2C3F79211F013D210030ED3A;
					};
				};
			};
			buildConfigurationList = 2C3F791D1F013D210030ED3A /* Build configuration list for PBXProject "TouhouEncyclopedia" */;
			compatibilityVersion = "Xcode 3.2";
			developmentRegion = English;
			hasScannedForEncodings = 0;
			knownRegions = (
				en,
				Base,
			);
			mainGroup = 2C3F79191F013D210030ED3A;
			productRefGroup = 2C3F79231F013D210030ED3A /* Products */;
			projectDirPath = "";
			projectReferences = (
				{
					ProductGroup = 2C9396B21F05A76400F82CD4 /* Products */;
					ProjectRef = 2C9396B11F05A76400F82CD4 /* SQLite.xcodeproj */;
				},
			);
			projectRoot = "";
			targets = (
				2C3F79211F013D210030ED3A /* TouhouEncyclopedia */,
				2C3F79371F013D210030ED3A /* TouhouEncyclopediaTests */,
				2C3F79421F013D210030ED3A /* TouhouEncyclopediaUITests */,
			);
		};
/* End PBXProject section */

/* Begin PBXReferenceProxy section */
		2C9396BC1F05A76400F82CD4 /* SQLite.framework */ = {
			isa = PBXReferenceProxy;
			fileType = wrapper.framework;
			path = SQLite.framework;
			remoteRef = 2C9396BB1F05A76400F82CD4 /* PBXContainerItemProxy */;
			sourceTree = BUILT_PRODUCTS_DIR;
		};
		2C9396BE1F05A76400F82CD4 /* SQLiteTests iOS.xctest */ = {
			isa = PBXReferenceProxy;
			fileType = wrapper.cfbundle;
			path = "SQLiteTests iOS.xctest";
			remoteRef = 2C9396BD1F05A76400F82CD4 /* PBXContainerItemProxy */;
			sourceTree = BUILT_PRODUCTS_DIR;
		};
		2C9396C01F05A76400F82CD4 /* SQLite.framework */ = {
			isa = PBXReferenceProxy;
			fileType = wrapper.framework;
			path = SQLite.framework;
			remoteRef = 2C9396BF1F05A76400F82CD4 /* PBXContainerItemProxy */;
			sourceTree = BUILT_PRODUCTS_DIR;
		};
		2C9396C21F05A76400F82CD4 /* SQLiteTests Mac.xctest */ = {
			isa = PBXReferenceProxy;
			fileType = wrapper.cfbundle;
			path = "SQLiteTests Mac.xctest";
			remoteRef = 2C9396C11F05A76400F82CD4 /* PBXContainerItemProxy */;
			sourceTree = BUILT_PRODUCTS_DIR;
		};
		2C9396C41F05A76400F82CD4 /* SQLite.framework */ = {
			isa = PBXReferenceProxy;
			fileType = wrapper.framework;
			path = SQLite.framework;
			remoteRef = 2C9396C31F05A76400F82CD4 /* PBXContainerItemProxy */;
			sourceTree = BUILT_PRODUCTS_DIR;
		};
		2C9396C61F05A76400F82CD4 /* SQLiteTests tvOS.xctest */ = {
			isa = PBXReferenceProxy;
			fileType = wrapper.cfbundle;
			path = "SQLiteTests tvOS.xctest";
			remoteRef = 2C9396C51F05A76400F82CD4 /* PBXContainerItemProxy */;
			sourceTree = BUILT_PRODUCTS_DIR;
		};
		2C9396C81F05A76400F82CD4 /* SQLite.framework */ = {
			isa = PBXReferenceProxy;
			fileType = wrapper.framework;
			path = SQLite.framework;
			remoteRef = 2C9396C71F05A76400F82CD4 /* PBXContainerItemProxy */;
			sourceTree = BUILT_PRODUCTS_DIR;
		};
/* End PBXReferenceProxy section */

/* Begin PBXResourcesBuildPhase section */
		2C3F79201F013D210030ED3A /* Resources */ = {
			isa = PBXResourcesBuildPhase;
			buildActionMask = 2147483647;
			files = (
				2C916FEA1F10E60A00C81C01 /* images in Resources */,
				2C916FED1F11056000C81C01 /* textData in Resources */,
				2C3F79321F013D210030ED3A /* LaunchScreen.storyboard in Resources */,
				2C3F792F1F013D210030ED3A /* Assets.xcassets in Resources */,
				2C3F792D1F013D210030ED3A /* Main.storyboard in Resources */,
				2C9396911F02A81200F82CD4 /* SqlFile in Resources */,
				2C25C8DD1F0EB0EF000B7988 /* Icon in Resources */,
			);
			runOnlyForDeploymentPostprocessing = 0;
		};
		2C3F79361F013D210030ED3A /* Resources */ = {
			isa = PBXResourcesBuildPhase;
			buildActionMask = 2147483647;
			files = (
			);
			runOnlyForDeploymentPostprocessing = 0;
		};
		2C3F79411F013D210030ED3A /* Resources */ = {
			isa = PBXResourcesBuildPhase;
			buildActionMask = 2147483647;
			files = (
			);
			runOnlyForDeploymentPostprocessing = 0;
		};
/* End PBXResourcesBuildPhase section */

/* Begin PBXSourcesBuildPhase section */
		2C3F791E1F013D210030ED3A /* Sources */ = {
			isa = PBXSourcesBuildPhase;
			buildActionMask = 2147483647;
			files = (
				2C93968D1F01442B00F82CD4 /* PlistFileManager.swift in Sources */,
				2C93968F1F029B0200F82CD4 /* SqlFileManager.swift in Sources */,
				2C3F792A1F013D210030ED3A /* SecondViewController.swift in Sources */,
				2C3F79261F013D210030ED3A /* AppDelegate.swift in Sources */,
				2C916FE81F10E55800C81C01 /* MainPageViewController.swift in Sources */,
				2C916FE01F10E46B00C81C01 /* TextViewController.swift in Sources */,
				2C916FF61F11528300C81C01 /* ListTableViewController.swift in Sources */,
			);
			runOnlyForDeploymentPostprocessing = 0;
		};
		2C3F79341F013D210030ED3A /* Sources */ = {
			isa = PBXSourcesBuildPhase;
			buildActionMask = 2147483647;
			files = (
				2C3F793D1F013D210030ED3A /* TouhouEncyclopediaTests.swift in Sources */,
			);
			runOnlyForDeploymentPostprocessing = 0;
		};
		2C3F793F1F013D210030ED3A /* Sources */ = {
			isa = PBXSourcesBuildPhase;
			buildActionMask = 2147483647;
			files = (
				2C3F79481F013D210030ED3A /* TouhouEncyclopediaUITests.swift in Sources */,
			);
			runOnlyForDeploymentPostprocessing = 0;
		};
/* End PBXSourcesBuildPhase section */

/* Begin PBXTargetDependency section */
		2C3F793A1F013D210030ED3A /* PBXTargetDependency */ = {
			isa = PBXTargetDependency;
			target = 2C3F79211F013D210030ED3A /* TouhouEncyclopedia */;
			targetProxy = 2C3F79391F013D210030ED3A /* PBXContainerItemProxy */;
		};
		2C3F79451F013D210030ED3A /* PBXTargetDependency */ = {
			isa = PBXTargetDependency;
			target = 2C3F79211F013D210030ED3A /* TouhouEncyclopedia */;
			targetProxy = 2C3F79441F013D210030ED3A /* PBXContainerItemProxy */;
		};
		2C9396CE1F05A82100F82CD4 /* PBXTargetDependency */ = {
			isa = PBXTargetDependency;
			name = "SQLite iOS";
			targetProxy = 2C9396CD1F05A82100F82CD4 /* PBXContainerItemProxy */;
		};
/* End PBXTargetDependency section */

/* Begin PBXVariantGroup section */
		2C3F792B1F013D210030ED3A /* Main.storyboard */ = {
			isa = PBXVariantGroup;
			children = (
				2C3F792C1F013D210030ED3A /* Base */,
			);
			name = Main.storyboard;
			sourceTree = "<group>";
		};
		2C3F79301F013D210030ED3A /* LaunchScreen.storyboard */ = {
			isa = PBXVariantGroup;
			children = (
				2C3F79311F013D210030ED3A /* Base */,
			);
			name = LaunchScreen.storyboard;
			sourceTree = "<group>";
		};
/* End PBXVariantGroup section */

/* Begin XCBuildConfiguration section */
		2C3F794A1F013D210030ED3A /* Debug */ = {
			isa = XCBuildConfiguration;
			buildSettings = {
				ALWAYS_SEARCH_USER_PATHS = NO;
				CLANG_ANALYZER_NONNULL = YES;
				CLANG_ANALYZER_NUMBER_OBJECT_CONVERSION = YES_AGGRESSIVE;
				CLANG_CXX_LANGUAGE_STANDARD = "gnu++0x";
				CLANG_CXX_LIBRARY = "libc++";
				CLANG_ENABLE_MODULES = YES;
				CLANG_ENABLE_OBJC_ARC = YES;
				CLANG_WARN_BOOL_CONVERSION = YES;
				CLANG_WARN_CONSTANT_CONVERSION = YES;
				CLANG_WARN_DIRECT_OBJC_ISA_USAGE = YES_ERROR;
				CLANG_WARN_DOCUMENTATION_COMMENTS = YES;
				CLANG_WARN_EMPTY_BODY = YES;
				CLANG_WARN_ENUM_CONVERSION = YES;
				CLANG_WARN_INFINITE_RECURSION = YES;
				CLANG_WARN_INT_CONVERSION = YES;
				CLANG_WARN_OBJC_ROOT_CLASS = YES_ERROR;
				CLANG_WARN_SUSPICIOUS_MOVE = YES;
				CLANG_WARN_UNREACHABLE_CODE = YES;
				CLANG_WARN__DUPLICATE_METHOD_MATCH = YES;
				"CODE_SIGN_IDENTITY[sdk=iphoneos*]" = "iPhone Developer";
				COPY_PHASE_STRIP = NO;
				DEBUG_INFORMATION_FORMAT = dwarf;
				ENABLE_STRICT_OBJC_MSGSEND = YES;
				ENABLE_TESTABILITY = YES;
				GCC_C_LANGUAGE_STANDARD = gnu99;
				GCC_DYNAMIC_NO_PIC = NO;
				GCC_NO_COMMON_BLOCKS = YES;
				GCC_OPTIMIZATION_LEVEL = 0;
				GCC_PREPROCESSOR_DEFINITIONS = (
					"DEBUG=1",
					"$(inherited)",
				);
				GCC_WARN_64_TO_32_BIT_CONVERSION = YES;
				GCC_WARN_ABOUT_RETURN_TYPE = YES_ERROR;
				GCC_WARN_UNDECLARED_SELECTOR = YES;
				GCC_WARN_UNINITIALIZED_AUTOS = YES_AGGRESSIVE;
				GCC_WARN_UNUSED_FUNCTION = YES;
				GCC_WARN_UNUSED_VARIABLE = YES;
				IPHONEOS_DEPLOYMENT_TARGET = 10.3;
				MTL_ENABLE_DEBUG_INFO = YES;
				ONLY_ACTIVE_ARCH = YES;
				SDKROOT = iphoneos;
				SWIFT_ACTIVE_COMPILATION_CONDITIONS = DEBUG;
				SWIFT_OPTIMIZATION_LEVEL = "-Onone";
			};
			name = Debug;
		};
		2C3F794B1F013D210030ED3A /* Release */ = {
			isa = XCBuildConfiguration;
			buildSettings = {
				ALWAYS_SEARCH_USER_PATHS = NO;
				CLANG_ANALYZER_NONNULL = YES;
				CLANG_ANALYZER_NUMBER_OBJECT_CONVERSION = YES_AGGRESSIVE;
				CLANG_CXX_LANGUAGE_STANDARD = "gnu++0x";
				CLANG_CXX_LIBRARY = "libc++";
				CLANG_ENABLE_MODULES = YES;
				CLANG_ENABLE_OBJC_ARC = YES;
				CLANG_WARN_BOOL_CONVERSION = YES;
				CLANG_WARN_CONSTANT_CONVERSION = YES;
				CLANG_WARN_DIRECT_OBJC_ISA_USAGE = YES_ERROR;
				CLANG_WARN_DOCUMENTATION_COMMENTS = YES;
				CLANG_WARN_EMPTY_BODY = YES;
				CLANG_WARN_ENUM_CONVERSION = YES;
				CLANG_WARN_INFINITE_RECURSION = YES;
				CLANG_WARN_INT_CONVERSION = YES;
				CLANG_WARN_OBJC_ROOT_CLASS = YES_ERROR;
				CLANG_WARN_SUSPICIOUS_MOVE = YES;
				CLANG_WARN_UNREACHABLE_CODE = YES;
				CLANG_WARN__DUPLICATE_METHOD_MATCH = YES;
				"CODE_SIGN_IDENTITY[sdk=iphoneos*]" = "iPhone Developer";
				COPY_PHASE_STRIP = NO;
				DEBUG_INFORMATION_FORMAT = "dwarf-with-dsym";
				ENABLE_NS_ASSERTIONS = NO;
				ENABLE_STRICT_OBJC_MSGSEND = YES;
				GCC_C_LANGUAGE_STANDARD = gnu99;
				GCC_NO_COMMON_BLOCKS = YES;
				GCC_WARN_64_TO_32_BIT_CONVERSION = YES;
				GCC_WARN_ABOUT_RETURN_TYPE = YES_ERROR;
				GCC_WARN_UNDECLARED_SELECTOR = YES;
				GCC_WARN_UNINITIALIZED_AUTOS = YES_AGGRESSIVE;
				GCC_WARN_UNUSED_FUNCTION = YES;
				GCC_WARN_UNUSED_VARIABLE = YES;
				IPHONEOS_DEPLOYMENT_TARGET = 10.3;
				MTL_ENABLE_DEBUG_INFO = NO;
				SDKROOT = iphoneos;
				SWIFT_OPTIMIZATION_LEVEL = "-Owholemodule";
				VALIDATE_PRODUCT = YES;
			};
			name = Release;
		};
		2C3F794D1F013D210030ED3A /* Debug */ = {
			isa = XCBuildConfiguration;
			buildSettings = {
				ALWAYS_EMBED_SWIFT_STANDARD_LIBRARIES = YES;
				ASSETCATALOG_COMPILER_APPICON_NAME = AppIcon;
				"CODE_SIGN_IDENTITY[sdk=iphoneos*]" = "iPhone Developer";
				DEVELOPMENT_TEAM = M9727FS5CP;
				FRAMEWORK_SEARCH_PATHS = (
					"$(inherited)",
					"$(PROJECT_DIR)/Carthage/Build/iOS",
				);
				INFOPLIST_FILE = TouhouEncyclopedia/Info.plist;
				LD_RUNPATH_SEARCH_PATHS = "$(inherited) @executable_path/Frameworks";
				PRODUCT_BUNDLE_IDENTIFIER = RyoTaguchi.TouhouEncyclopedia;
				PRODUCT_NAME = "$(TARGET_NAME)";
				PROVISIONING_PROFILE = "";
				PROVISIONING_PROFILE_SPECIFIER = "";
				SWIFT_VERSION = 3.0;
			};
			name = Debug;
		};
		2C3F794E1F013D210030ED3A /* Release */ = {
			isa = XCBuildConfiguration;
			buildSettings = {
				ALWAYS_EMBED_SWIFT_STANDARD_LIBRARIES = YES;
				ASSETCATALOG_COMPILER_APPICON_NAME = AppIcon;
				"CODE_SIGN_IDENTITY[sdk=iphoneos*]" = "iPhone Developer";
				DEVELOPMENT_TEAM = M9727FS5CP;
				FRAMEWORK_SEARCH_PATHS = (
					"$(inherited)",
					"$(PROJECT_DIR)/Carthage/Build/iOS",
				);
				INFOPLIST_FILE = TouhouEncyclopedia/Info.plist;
				LD_RUNPATH_SEARCH_PATHS = "$(inherited) @executable_path/Frameworks";
				PRODUCT_BUNDLE_IDENTIFIER = RyoTaguchi.TouhouEncyclopedia;
				PRODUCT_NAME = "$(TARGET_NAME)";
				PROVISIONING_PROFILE_SPECIFIER = "";
				SWIFT_VERSION = 3.0;
			};
			name = Release;
		};
		2C3F79501F013D210030ED3A /* Debug */ = {
			isa = XCBuildConfiguration;
			buildSettings = {
				ALWAYS_EMBED_SWIFT_STANDARD_LIBRARIES = YES;
				BUNDLE_LOADER = "$(TEST_HOST)";
				DEVELOPMENT_TEAM = M9727FS5CP;
				INFOPLIST_FILE = TouhouEncyclopediaTests/Info.plist;
				LD_RUNPATH_SEARCH_PATHS = "$(inherited) @executable_path/Frameworks @loader_path/Frameworks";
				PRODUCT_BUNDLE_IDENTIFIER = RyoTaguchi.TouhouEncyclopediaTests;
				PRODUCT_NAME = "$(TARGET_NAME)";
				SWIFT_VERSION = 3.0;
				TEST_HOST = "$(BUILT_PRODUCTS_DIR)/TouhouEncyclopedia.app/TouhouEncyclopedia";
			};
			name = Debug;
		};
		2C3F79511F013D210030ED3A /* Release */ = {
			isa = XCBuildConfiguration;
			buildSettings = {
				ALWAYS_EMBED_SWIFT_STANDARD_LIBRARIES = YES;
				BUNDLE_LOADER = "$(TEST_HOST)";
				DEVELOPMENT_TEAM = M9727FS5CP;
				INFOPLIST_FILE = TouhouEncyclopediaTests/Info.plist;
				LD_RUNPATH_SEARCH_PATHS = "$(inherited) @executable_path/Frameworks @loader_path/Frameworks";
				PRODUCT_BUNDLE_IDENTIFIER = RyoTaguchi.TouhouEncyclopediaTests;
				PRODUCT_NAME = "$(TARGET_NAME)";
				SWIFT_VERSION = 3.0;
				TEST_HOST = "$(BUILT_PRODUCTS_DIR)/TouhouEncyclopedia.app/TouhouEncyclopedia";
			};
			name = Release;
		};
		2C3F79531F013D210030ED3A /* Debug */ = {
			isa = XCBuildConfiguration;
			buildSettings = {
				ALWAYS_EMBED_SWIFT_STANDARD_LIBRARIES = YES;
				DEVELOPMENT_TEAM = M9727FS5CP;
				INFOPLIST_FILE = TouhouEncyclopediaUITests/Info.plist;
				LD_RUNPATH_SEARCH_PATHS = "$(inherited) @executable_path/Frameworks @loader_path/Frameworks";
				PRODUCT_BUNDLE_IDENTIFIER = RyoTaguchi.TouhouEncyclopediaUITests;
				PRODUCT_NAME = "$(TARGET_NAME)";
				SWIFT_VERSION = 3.0;
				TEST_TARGET_NAME = TouhouEncyclopedia;
			};
			name = Debug;
		};
		2C3F79541F013D210030ED3A /* Release */ = {
			isa = XCBuildConfiguration;
			buildSettings = {
				ALWAYS_EMBED_SWIFT_STANDARD_LIBRARIES = YES;
				DEVELOPMENT_TEAM = M9727FS5CP;
				INFOPLIST_FILE = TouhouEncyclopediaUITests/Info.plist;
				LD_RUNPATH_SEARCH_PATHS = "$(inherited) @executable_path/Frameworks @loader_path/Frameworks";
				PRODUCT_BUNDLE_IDENTIFIER = RyoTaguchi.TouhouEncyclopediaUITests;
				PRODUCT_NAME = "$(TARGET_NAME)";
				SWIFT_VERSION = 3.0;
				TEST_TARGET_NAME = TouhouEncyclopedia;
			};
			name = Release;
		};
/* End XCBuildConfiguration section */

/* Begin XCConfigurationList section */
		2C3F791D1F013D210030ED3A /* Build configuration list for PBXProject "TouhouEncyclopedia" */ = {
			isa = XCConfigurationList;
			buildConfigurations = (
				2C3F794A1F013D210030ED3A /* Debug */,
				2C3F794B1F013D210030ED3A /* Release */,
			);
			defaultConfigurationIsVisible = 0;
			defaultConfigurationName = Release;
		};
		2C3F794C1F013D210030ED3A /* Build configuration list for PBXNativeTarget "TouhouEncyclopedia" */ = {
			isa = XCConfigurationList;
			buildConfigurations = (
				2C3F794D1F013D210030ED3A /* Debug */,
				2C3F794E1F013D210030ED3A /* Release */,
			);
			defaultConfigurationIsVisible = 0;
			defaultConfigurationName = Release;
		};
		2C3F794F1F013D210030ED3A /* Build configuration list for PBXNativeTarget "TouhouEncyclopediaTests" */ = {
			isa = XCConfigurationList;
			buildConfigurations = (
				2C3F79501F013D210030ED3A /* Debug */,
				2C3F79511F013D210030ED3A /* Release */,
			);
			defaultConfigurationIsVisible = 0;
			defaultConfigurationName = Release;
		};
		2C3F79521F013D210030ED3A /* Build configuration list for PBXNativeTarget "TouhouEncyclopediaUITests" */ = {
			isa = XCConfigurationList;
			buildConfigurations = (
				2C3F79531F013D210030ED3A /* Debug */,
				2C3F79541F013D210030ED3A /* Release */,
			);
			defaultConfigurationIsVisible = 0;
			defaultConfigurationName = Release;
		};
/* End XCConfigurationList section */
	};
	rootObject = 2C3F791A1F013D210030ED3A /* Project object */;
}
